{
  "version": 4,
  "terraform_version": "1.7.4",
  "serial": 5,
  "lineage": "2314e619-5b81-f35e-7be5-7c3c832a1206",
  "outputs": {},
  "resources": [
    {
      "mode": "managed",
      "type": "azurerm_resource_group",
      "name": "rg-uks-data-dev",
      "provider": "provider[\"registry.terraform.io/hashicorp/azurerm\"]",
      "instances": [
        {
          "schema_version": 0,
          "attributes": {
            "id": "/subscriptions/c829fd29-f512-4ef3-b4c7-63b9edf34748/resourceGroups/uks-data-dev",
            "location": "eastus",
            "managed_by": "",
            "name": "uks-data-dev",
            "tags": {},
            "timeouts": null
          },
          "sensitive_attributes": [],
          "private": "eyJlMmJmYjczMC1lY2FhLTExZTYtOGY4OC0zNDM2M2JjN2M0YzAiOnsiY3JlYXRlIjo1NDAwMDAwMDAwMDAwLCJkZWxldGUiOjU0MDAwMDAwMDAwMDAsInJlYWQiOjMwMDAwMDAwMDAwMCwidXBkYXRlIjo1NDAwMDAwMDAwMDAwfX0="
        }
      ]
    },
    {
      "mode": "managed",
      "type": "azurerm_virtual_network",
      "name": "vnet-mydata-dev",
      "provider": "provider[\"registry.terraform.io/hashicorp/azurerm\"]",
      "instances": [
        {
          "schema_version": 0,
          "attributes": {
            "address_space": [
              "10.0.0.0/16"
            ],
            "bgp_community": "",
            "ddos_protection_plan": [],
            "dns_servers": [],
            "edge_zone": "",
            "encryption": [],
            "flow_timeout_in_minutes": 0,
            "guid": "9cd1d451-339c-4875-b912-413b372cea8f",
            "id": "/subscriptions/c829fd29-f512-4ef3-b4c7-63b9edf34748/resourceGroups/uks-data-dev/providers/Microsoft.Network/virtualNetworks/myvnet-2",
            "location": "eastus",
            "name": "myvnet-2",
            "resource_group_name": "uks-data-dev",
            "subnet": [],
            "tags": {
              "Environment": "Dev1",
              "name": "VNET-1"
            },
            "timeouts": null
          },
          "sensitive_attributes": [],
          "private": "eyJlMmJmYjczMC1lY2FhLTExZTYtOGY4OC0zNDM2M2JjN2M0YzAiOnsiY3JlYXRlIjoxODAwMDAwMDAwMDAwLCJkZWxldGUiOjE4MDAwMDAwMDAwMDAsInJlYWQiOjMwMDAwMDAwMDAwMCwidXBkYXRlIjoxODAwMDAwMDAwMDAwfX0=",
          "dependencies": [
            "azurerm_resource_group.rg-uks-data-dev"
          ]
        }
      ]
    }
  ],
  "check_results": null
}
