{
  "version": 4,
  "terraform_version": "1.7.4",
  "serial": 4,
  "lineage": "a39f9800-1da1-1887-7da2-b2de1026c451",
  "outputs": {
    "resource_group_id": {
      "value": "/subscriptions/c829fd29-f512-4ef3-b4c7-63b9edf34748/resourceGroups/rg-uksdata-dev",
      "type": "string"
    },
    "resource_group_name": {
      "value": "rg-uksdata-dev",
      "type": "string"
    },
    "virtual_network_name": {
      "value": "uksdata",
      "type": "string"
    }
  },
  "resources": [
    {
      "mode": "managed",
      "type": "azurerm_resource_group",
      "name": "rg-uk-run",
      "provider": "provider[\"registry.terraform.io/hashicorp/azurerm\"]",
      "instances": [
        {
          "schema_version": 0,
          "attributes": {
            "id": "/subscriptions/c829fd29-f512-4ef3-b4c7-63b9edf34748/resourceGroups/rg-uksdata-dev",
            "location": "eastus",
            "managed_by": "",
            "name": "rg-uksdata-dev",
            "tags": {
              "iname": "ipjhone"
            },
            "timeouts": null
          },
          "sensitive_attributes": [],
          "private": "eyJlMmJmYjczMC1lY2FhLTExZTYtOGY4OC0zNDM2M2JjN2M0YzAiOnsiY3JlYXRlIjo1NDAwMDAwMDAwMDAwLCJkZWxldGUiOjU0MDAwMDAwMDAwMDAsInJlYWQiOjMwMDAwMDAwMDAwMCwidXBkYXRlIjo1NDAwMDAwMDAwMDAwfX0="
        }
      ]
    },
    {
      "mode": "managed",
      "type": "azurerm_virtual_network",
      "name": "vnet-uk-dev",
      "provider": "provider[\"registry.terraform.io/hashicorp/azurerm\"]",
      "instances": [
        {
          "schema_version": 0,
          "attributes": {
            "address_space": [
              "10.0.0.0/16"
            ],
            "bgp_community": "",
            "ddos_protection_plan": [],
            "dns_servers": [],
            "edge_zone": "",
            "encryption": [],
            "flow_timeout_in_minutes": 0,
            "guid": "82514392-5e39-443e-9320-2029208b371a",
            "id": "/subscriptions/c829fd29-f512-4ef3-b4c7-63b9edf34748/resourceGroups/rg-uksdata-dev/providers/Microsoft.Network/virtualNetworks/uksdata",
            "location": "eastus",
            "name": "uksdata",
            "resource_group_name": "rg-uksdata-dev",
            "subnet": [],
            "tags": {},
            "timeouts": null
          },
          "sensitive_attributes": [],
          "private": "eyJlMmJmYjczMC1lY2FhLTExZTYtOGY4OC0zNDM2M2JjN2M0YzAiOnsiY3JlYXRlIjoxODAwMDAwMDAwMDAwLCJkZWxldGUiOjE4MDAwMDAwMDAwMDAsInJlYWQiOjMwMDAwMDAwMDAwMCwidXBkYXRlIjoxODAwMDAwMDAwMDAwfX0=",
          "dependencies": [
            "azurerm_resource_group.rg-uk-run"
          ]
        }
      ]
    }
  ],
  "check_results": null
}
