{
  "version": 4,
  "terraform_version": "1.7.4",
  "serial": 11,
  "lineage": "fdf78e5e-c283-ed1f-ce42-d795b2421465",
  "outputs": {},
  "resources": [
    {
      "mode": "managed",
      "type": "azurerm_linux_virtual_machine",
      "name": "av-gw-mydata",
      "provider": "provider[\"registry.terraform.io/hashicorp/azurerm\"]",
      "instances": [
        {
          "index_key": 0,
          "schema_version": 0,
          "attributes": {
            "additional_capabilities": [],
            "admin_password": null,
            "admin_ssh_key": [
              {
                "public_key": "ssh-rsa AAAAB3NzaC1yc2EAAAADAQABAAABgQChuGNSLvV7wsvJkI1MoCAz5/FjcNA0pxSUoXS0MJznQQfrmObyoir+QfcqVjP+jOaX27jqLy6/bJg5Esb+bI7BIi6atJszczZQ8jDB02vA2qydM/L3eq79Oq86Wtc+oUKwRRob+6VN74d+LGkI7BHFlDRlBPX2JYV7hKP3b1ZFl3dSOqdlv5Oq913HJCINWv4r84CviiaqVIH9oxjrG2y9yXXqRMpjk+pxfj8NdvLRKxI4JXUL5r92uxl14+Yy3EBiYOHVlMpe9EfQdTB/l15EZ3LntDeprki0A5jKiwj4cXeZCcKHKMjng4Lwyx4hUwNOQf0BFN/0sZAZznkEDdlsGkUKcTeUPBm7HQxeI3IT3MhpiC4eiMHioJE2U8Ko34lAofygkOoJZo4S2QzEJv5ptqdXWC4MC3zcs6BkjCcIHqEyJsiQLOtn4M4SAFUBGjHi2wG7JFofuy5ZUc7ilmhlvjjKvaZWmiCU5NkQ9suH/pCVrY+wTIq6wTeM3wDX5Gc= ironman@GauravPC\n",
                "username": "azureuser"
              }
            ],
            "admin_username": "azureuser",
            "allow_extension_operations": true,
            "availability_set_id": "",
            "boot_diagnostics": [],
            "bypass_platform_safety_checks_on_user_schedule_enabled": false,
            "capacity_reservation_group_id": "",
            "computer_name": "av-gw-mydata-0",
            "custom_data": null,
            "dedicated_host_group_id": "",
            "dedicated_host_id": "",
            "disable_password_authentication": true,
            "disk_controller_type": "SCSI",
            "edge_zone": "",
            "encryption_at_host_enabled": false,
            "eviction_policy": "",
            "extensions_time_budget": "PT1H30M",
            "gallery_application": [],
            "id": "/subscriptions/c829fd29-f512-4ef3-b4c7-63b9edf34748/resourceGroups/rg-mydata-run/providers/Microsoft.Compute/virtualMachines/av-gw-mydata-0",
            "identity": [],
            "license_type": "",
            "location": "eastus",
            "max_bid_price": -1,
            "name": "av-gw-mydata-0",
            "network_interface_ids": [
              "/subscriptions/c829fd29-f512-4ef3-b4c7-63b9edf34748/resourceGroups/rg-mydata-run/providers/Microsoft.Network/networkInterfaces/mynic-0"
            ],
            "os_disk": [
              {
                "caching": "ReadWrite",
                "diff_disk_settings": [],
                "disk_encryption_set_id": "",
                "disk_size_gb": 64,
                "name": "av-gw-mydata-0",
                "secure_vm_disk_encryption_set_id": "",
                "security_encryption_type": "",
                "storage_account_type": "Standard_LRS",
                "write_accelerator_enabled": false
              }
            ],
            "os_image_notification": [],
            "patch_assessment_mode": "ImageDefault",
            "patch_mode": "ImageDefault",
            "plan": [],
            "platform_fault_domain": -1,
            "priority": "Regular",
            "private_ip_address": "10.0.2.5",
            "private_ip_addresses": [
              "10.0.2.5"
            ],
            "provision_vm_agent": true,
            "proximity_placement_group_id": "",
            "public_ip_address": "13.92.80.251",
            "public_ip_addresses": [
              "13.92.80.251"
            ],
            "reboot_setting": "",
            "resource_group_name": "rg-mydata-run",
            "secret": [],
            "secure_boot_enabled": false,
            "size": "Standard_DS1_v2",
            "source_image_id": "",
            "source_image_reference": [
              {
                "offer": "RHEL",
                "publisher": "RedHat",
                "sku": "83-gen2",
                "version": "latest"
              }
            ],
            "tags": null,
            "termination_notification": null,
            "timeouts": null,
            "user_data": "",
            "virtual_machine_id": "06c32052-04f5-4a8e-b5cb-ffcf3df2dab7",
            "virtual_machine_scale_set_id": "",
            "vm_agent_platform_updates_enabled": false,
            "vtpm_enabled": false,
            "zone": ""
          },
          "sensitive_attributes": [],
          "private": "eyJlMmJmYjczMC1lY2FhLTExZTYtOGY4OC0zNDM2M2JjN2M0YzAiOnsiY3JlYXRlIjoyNzAwMDAwMDAwMDAwLCJkZWxldGUiOjI3MDAwMDAwMDAwMDAsInJlYWQiOjMwMDAwMDAwMDAwMCwidXBkYXRlIjoyNzAwMDAwMDAwMDAwfX0=",
          "dependencies": [
            "azurerm_network_interface.mynic",
            "azurerm_public_ip.mypublicip",
            "azurerm_resource_group.rg-mydaya-run",
            "azurerm_subnet.subnet-connection",
            "azurerm_virtual_network.vnet-mydata-run"
          ]
        },
        {
          "index_key": 1,
          "schema_version": 0,
          "attributes": {
            "additional_capabilities": [],
            "admin_password": null,
            "admin_ssh_key": [
              {
                "public_key": "ssh-rsa AAAAB3NzaC1yc2EAAAADAQABAAABgQChuGNSLvV7wsvJkI1MoCAz5/FjcNA0pxSUoXS0MJznQQfrmObyoir+QfcqVjP+jOaX27jqLy6/bJg5Esb+bI7BIi6atJszczZQ8jDB02vA2qydM/L3eq79Oq86Wtc+oUKwRRob+6VN74d+LGkI7BHFlDRlBPX2JYV7hKP3b1ZFl3dSOqdlv5Oq913HJCINWv4r84CviiaqVIH9oxjrG2y9yXXqRMpjk+pxfj8NdvLRKxI4JXUL5r92uxl14+Yy3EBiYOHVlMpe9EfQdTB/l15EZ3LntDeprki0A5jKiwj4cXeZCcKHKMjng4Lwyx4hUwNOQf0BFN/0sZAZznkEDdlsGkUKcTeUPBm7HQxeI3IT3MhpiC4eiMHioJE2U8Ko34lAofygkOoJZo4S2QzEJv5ptqdXWC4MC3zcs6BkjCcIHqEyJsiQLOtn4M4SAFUBGjHi2wG7JFofuy5ZUc7ilmhlvjjKvaZWmiCU5NkQ9suH/pCVrY+wTIq6wTeM3wDX5Gc= ironman@GauravPC\n",
                "username": "azureuser"
              }
            ],
            "admin_username": "azureuser",
            "allow_extension_operations": true,
            "availability_set_id": "",
            "boot_diagnostics": [],
            "bypass_platform_safety_checks_on_user_schedule_enabled": false,
            "capacity_reservation_group_id": "",
            "computer_name": "av-gw-mydata-1",
            "custom_data": null,
            "dedicated_host_group_id": "",
            "dedicated_host_id": "",
            "disable_password_authentication": true,
            "disk_controller_type": "SCSI",
            "edge_zone": "",
            "encryption_at_host_enabled": false,
            "eviction_policy": "",
            "extensions_time_budget": "PT1H30M",
            "gallery_application": [],
            "id": "/subscriptions/c829fd29-f512-4ef3-b4c7-63b9edf34748/resourceGroups/rg-mydata-run/providers/Microsoft.Compute/virtualMachines/av-gw-mydata-1",
            "identity": [],
            "license_type": "",
            "location": "eastus",
            "max_bid_price": -1,
            "name": "av-gw-mydata-1",
            "network_interface_ids": [
              "/subscriptions/c829fd29-f512-4ef3-b4c7-63b9edf34748/resourceGroups/rg-mydata-run/providers/Microsoft.Network/networkInterfaces/mynic-1"
            ],
            "os_disk": [
              {
                "caching": "ReadWrite",
                "diff_disk_settings": [],
                "disk_encryption_set_id": "",
                "disk_size_gb": 64,
                "name": "av-gw-mydata-1",
                "secure_vm_disk_encryption_set_id": "",
                "security_encryption_type": "",
                "storage_account_type": "Standard_LRS",
                "write_accelerator_enabled": false
              }
            ],
            "os_image_notification": [],
            "patch_assessment_mode": "ImageDefault",
            "patch_mode": "ImageDefault",
            "plan": [],
            "platform_fault_domain": -1,
            "priority": "Regular",
            "private_ip_address": "10.0.2.4",
            "private_ip_addresses": [
              "10.0.2.4"
            ],
            "provision_vm_agent": true,
            "proximity_placement_group_id": "",
            "public_ip_address": "13.92.85.167",
            "public_ip_addresses": [
              "13.92.85.167"
            ],
            "reboot_setting": "",
            "resource_group_name": "rg-mydata-run",
            "secret": [],
            "secure_boot_enabled": false,
            "size": "Standard_DS1_v2",
            "source_image_id": "",
            "source_image_reference": [
              {
                "offer": "RHEL",
                "publisher": "RedHat",
                "sku": "83-gen2",
                "version": "latest"
              }
            ],
            "tags": null,
            "termination_notification": null,
            "timeouts": null,
            "user_data": "",
            "virtual_machine_id": "109ae717-6ad2-4c40-9be4-47b4e47d58f7",
            "virtual_machine_scale_set_id": "",
            "vm_agent_platform_updates_enabled": false,
            "vtpm_enabled": false,
            "zone": ""
          },
          "sensitive_attributes": [],
          "private": "eyJlMmJmYjczMC1lY2FhLTExZTYtOGY4OC0zNDM2M2JjN2M0YzAiOnsiY3JlYXRlIjoyNzAwMDAwMDAwMDAwLCJkZWxldGUiOjI3MDAwMDAwMDAwMDAsInJlYWQiOjMwMDAwMDAwMDAwMCwidXBkYXRlIjoyNzAwMDAwMDAwMDAwfX0=",
          "dependencies": [
            "azurerm_network_interface.mynic",
            "azurerm_public_ip.mypublicip",
            "azurerm_resource_group.rg-mydaya-run",
            "azurerm_subnet.subnet-connection",
            "azurerm_virtual_network.vnet-mydata-run"
          ]
        }
      ]
    },
    {
      "mode": "managed",
      "type": "azurerm_network_interface",
      "name": "mynic",
      "provider": "provider[\"registry.terraform.io/hashicorp/azurerm\"]",
      "instances": [
        {
          "index_key": 0,
          "schema_version": 0,
          "attributes": {
            "applied_dns_servers": [],
            "auxiliary_mode": "",
            "auxiliary_sku": "",
            "dns_servers": [],
            "edge_zone": "",
            "enable_accelerated_networking": false,
            "enable_ip_forwarding": false,
            "id": "/subscriptions/c829fd29-f512-4ef3-b4c7-63b9edf34748/resourceGroups/rg-mydata-run/providers/Microsoft.Network/networkInterfaces/mynic-0",
            "internal_dns_name_label": "",
            "internal_domain_name_suffix": "n4vyxccmcbmutp3d34z0caqfef.bx.internal.cloudapp.net",
            "ip_configuration": [
              {
                "gateway_load_balancer_frontend_ip_configuration_id": "",
                "name": "internal",
                "primary": true,
                "private_ip_address": "10.0.2.5",
                "private_ip_address_allocation": "Dynamic",
                "private_ip_address_version": "IPv4",
                "public_ip_address_id": "/subscriptions/c829fd29-f512-4ef3-b4c7-63b9edf34748/resourceGroups/rg-mydata-run/providers/Microsoft.Network/publicIPAddresses/mypublicip-0",
                "subnet_id": "/subscriptions/c829fd29-f512-4ef3-b4c7-63b9edf34748/resourceGroups/rg-mydata-run/providers/Microsoft.Network/virtualNetworks/vnet-mydata-run/subnets/subnet-connection"
              }
            ],
            "location": "eastus",
            "mac_address": "",
            "name": "mynic-0",
            "private_ip_address": "10.0.2.5",
            "private_ip_addresses": [
              "10.0.2.5"
            ],
            "resource_group_name": "rg-mydata-run",
            "tags": null,
            "timeouts": null,
            "virtual_machine_id": ""
          },
          "sensitive_attributes": [],
          "private": "eyJlMmJmYjczMC1lY2FhLTExZTYtOGY4OC0zNDM2M2JjN2M0YzAiOnsiY3JlYXRlIjoxODAwMDAwMDAwMDAwLCJkZWxldGUiOjE4MDAwMDAwMDAwMDAsInJlYWQiOjMwMDAwMDAwMDAwMCwidXBkYXRlIjoxODAwMDAwMDAwMDAwfX0=",
          "dependencies": [
            "azurerm_public_ip.mypublicip",
            "azurerm_resource_group.rg-mydaya-run",
            "azurerm_subnet.subnet-connection",
            "azurerm_virtual_network.vnet-mydata-run"
          ]
        },
        {
          "index_key": 1,
          "schema_version": 0,
          "attributes": {
            "applied_dns_servers": [],
            "auxiliary_mode": "",
            "auxiliary_sku": "",
            "dns_servers": [],
            "edge_zone": "",
            "enable_accelerated_networking": false,
            "enable_ip_forwarding": false,
            "id": "/subscriptions/c829fd29-f512-4ef3-b4c7-63b9edf34748/resourceGroups/rg-mydata-run/providers/Microsoft.Network/networkInterfaces/mynic-1",
            "internal_dns_name_label": "",
            "internal_domain_name_suffix": "n4vyxccmcbmutp3d34z0caqfef.bx.internal.cloudapp.net",
            "ip_configuration": [
              {
                "gateway_load_balancer_frontend_ip_configuration_id": "",
                "name": "internal",
                "primary": true,
                "private_ip_address": "10.0.2.4",
                "private_ip_address_allocation": "Dynamic",
                "private_ip_address_version": "IPv4",
                "public_ip_address_id": "/subscriptions/c829fd29-f512-4ef3-b4c7-63b9edf34748/resourceGroups/rg-mydata-run/providers/Microsoft.Network/publicIPAddresses/mypublicip-1",
                "subnet_id": "/subscriptions/c829fd29-f512-4ef3-b4c7-63b9edf34748/resourceGroups/rg-mydata-run/providers/Microsoft.Network/virtualNetworks/vnet-mydata-run/subnets/subnet-connection"
              }
            ],
            "location": "eastus",
            "mac_address": "",
            "name": "mynic-1",
            "private_ip_address": "10.0.2.4",
            "private_ip_addresses": [
              "10.0.2.4"
            ],
            "resource_group_name": "rg-mydata-run",
            "tags": null,
            "timeouts": null,
            "virtual_machine_id": ""
          },
          "sensitive_attributes": [],
          "private": "eyJlMmJmYjczMC1lY2FhLTExZTYtOGY4OC0zNDM2M2JjN2M0YzAiOnsiY3JlYXRlIjoxODAwMDAwMDAwMDAwLCJkZWxldGUiOjE4MDAwMDAwMDAwMDAsInJlYWQiOjMwMDAwMDAwMDAwMCwidXBkYXRlIjoxODAwMDAwMDAwMDAwfX0=",
          "dependencies": [
            "azurerm_public_ip.mypublicip",
            "azurerm_resource_group.rg-mydaya-run",
            "azurerm_subnet.subnet-connection",
            "azurerm_virtual_network.vnet-mydata-run"
          ]
        }
      ]
    },
    {
      "mode": "managed",
      "type": "azurerm_public_ip",
      "name": "mypublicip",
      "provider": "provider[\"registry.terraform.io/hashicorp/azurerm\"]",
      "instances": [
        {
          "index_key": 0,
          "schema_version": 0,
          "attributes": {
            "allocation_method": "Static",
            "ddos_protection_mode": "VirtualNetworkInherited",
            "ddos_protection_plan_id": null,
            "domain_name_label": null,
            "edge_zone": "",
            "fqdn": null,
            "id": "/subscriptions/c829fd29-f512-4ef3-b4c7-63b9edf34748/resourceGroups/rg-mydata-run/providers/Microsoft.Network/publicIPAddresses/mypublicip-0",
            "idle_timeout_in_minutes": 4,
            "ip_address": "13.92.80.251",
            "ip_tags": null,
            "ip_version": "IPv4",
            "location": "eastus",
            "name": "mypublicip-0",
            "public_ip_prefix_id": null,
            "resource_group_name": "rg-mydata-run",
            "reverse_fqdn": null,
            "sku": "Basic",
            "sku_tier": "Regional",
            "tags": null,
            "timeouts": null,
            "zones": null
          },
          "sensitive_attributes": [],
          "private": "eyJlMmJmYjczMC1lY2FhLTExZTYtOGY4OC0zNDM2M2JjN2M0YzAiOnsiY3JlYXRlIjoxODAwMDAwMDAwMDAwLCJkZWxldGUiOjE4MDAwMDAwMDAwMDAsInJlYWQiOjMwMDAwMDAwMDAwMCwidXBkYXRlIjoxODAwMDAwMDAwMDAwfX0=",
          "dependencies": [
            "azurerm_resource_group.rg-mydaya-run"
          ]
        },
        {
          "index_key": 1,
          "schema_version": 0,
          "attributes": {
            "allocation_method": "Static",
            "ddos_protection_mode": "VirtualNetworkInherited",
            "ddos_protection_plan_id": null,
            "domain_name_label": null,
            "edge_zone": "",
            "fqdn": null,
            "id": "/subscriptions/c829fd29-f512-4ef3-b4c7-63b9edf34748/resourceGroups/rg-mydata-run/providers/Microsoft.Network/publicIPAddresses/mypublicip-1",
            "idle_timeout_in_minutes": 4,
            "ip_address": "13.92.85.167",
            "ip_tags": null,
            "ip_version": "IPv4",
            "location": "eastus",
            "name": "mypublicip-1",
            "public_ip_prefix_id": null,
            "resource_group_name": "rg-mydata-run",
            "reverse_fqdn": null,
            "sku": "Basic",
            "sku_tier": "Regional",
            "tags": null,
            "timeouts": null,
            "zones": null
          },
          "sensitive_attributes": [],
          "private": "eyJlMmJmYjczMC1lY2FhLTExZTYtOGY4OC0zNDM2M2JjN2M0YzAiOnsiY3JlYXRlIjoxODAwMDAwMDAwMDAwLCJkZWxldGUiOjE4MDAwMDAwMDAwMDAsInJlYWQiOjMwMDAwMDAwMDAwMCwidXBkYXRlIjoxODAwMDAwMDAwMDAwfX0=",
          "dependencies": [
            "azurerm_resource_group.rg-mydaya-run"
          ]
        }
      ]
    },
    {
      "mode": "managed",
      "type": "azurerm_resource_group",
      "name": "rg-mydaya-run",
      "provider": "provider[\"registry.terraform.io/hashicorp/azurerm\"]",
      "instances": [
        {
          "schema_version": 0,
          "attributes": {
            "id": "/subscriptions/c829fd29-f512-4ef3-b4c7-63b9edf34748/resourceGroups/rg-mydata-run",
            "location": "eastus",
            "managed_by": "",
            "name": "rg-mydata-run",
            "tags": null,
            "timeouts": null
          },
          "sensitive_attributes": [],
          "private": "eyJlMmJmYjczMC1lY2FhLTExZTYtOGY4OC0zNDM2M2JjN2M0YzAiOnsiY3JlYXRlIjo1NDAwMDAwMDAwMDAwLCJkZWxldGUiOjU0MDAwMDAwMDAwMDAsInJlYWQiOjMwMDAwMDAwMDAwMCwidXBkYXRlIjo1NDAwMDAwMDAwMDAwfX0="
        }
      ]
    },
    {
      "mode": "managed",
      "type": "azurerm_subnet",
      "name": "subnet-connection",
      "provider": "provider[\"registry.terraform.io/hashicorp/azurerm\"]",
      "instances": [
        {
          "schema_version": 0,
          "attributes": {
            "address_prefixes": [
              "10.0.2.0/24"
            ],
            "delegation": [],
            "enforce_private_link_endpoint_network_policies": false,
            "enforce_private_link_service_network_policies": false,
            "id": "/subscriptions/c829fd29-f512-4ef3-b4c7-63b9edf34748/resourceGroups/rg-mydata-run/providers/Microsoft.Network/virtualNetworks/vnet-mydata-run/subnets/subnet-connection",
            "name": "subnet-connection",
            "private_endpoint_network_policies_enabled": true,
            "private_link_service_network_policies_enabled": true,
            "resource_group_name": "rg-mydata-run",
            "service_endpoint_policy_ids": null,
            "service_endpoints": null,
            "timeouts": null,
            "virtual_network_name": "vnet-mydata-run"
          },
          "sensitive_attributes": [],
          "private": "eyJlMmJmYjczMC1lY2FhLTExZTYtOGY4OC0zNDM2M2JjN2M0YzAiOnsiY3JlYXRlIjoxODAwMDAwMDAwMDAwLCJkZWxldGUiOjE4MDAwMDAwMDAwMDAsInJlYWQiOjMwMDAwMDAwMDAwMCwidXBkYXRlIjoxODAwMDAwMDAwMDAwfX0=",
          "dependencies": [
            "azurerm_resource_group.rg-mydaya-run",
            "azurerm_virtual_network.vnet-mydata-run"
          ]
        }
      ]
    },
    {
      "mode": "managed",
      "type": "azurerm_virtual_network",
      "name": "vnet-mydata-run",
      "provider": "provider[\"registry.terraform.io/hashicorp/azurerm\"]",
      "instances": [
        {
          "schema_version": 0,
          "attributes": {
            "address_space": [
              "10.0.0.0/16"
            ],
            "bgp_community": "",
            "ddos_protection_plan": [],
            "dns_servers": [],
            "edge_zone": "",
            "encryption": [],
            "flow_timeout_in_minutes": 0,
            "guid": "888bab6f-104c-4959-bfa3-efb3a1020525",
            "id": "/subscriptions/c829fd29-f512-4ef3-b4c7-63b9edf34748/resourceGroups/rg-mydata-run/providers/Microsoft.Network/virtualNetworks/vnet-mydata-run",
            "location": "eastus",
            "name": "vnet-mydata-run",
            "resource_group_name": "rg-mydata-run",
            "subnet": [],
            "tags": null,
            "timeouts": null
          },
          "sensitive_attributes": [],
          "private": "eyJlMmJmYjczMC1lY2FhLTExZTYtOGY4OC0zNDM2M2JjN2M0YzAiOnsiY3JlYXRlIjoxODAwMDAwMDAwMDAwLCJkZWxldGUiOjE4MDAwMDAwMDAwMDAsInJlYWQiOjMwMDAwMDAwMDAwMCwidXBkYXRlIjoxODAwMDAwMDAwMDAwfX0=",
          "dependencies": [
            "azurerm_resource_group.rg-mydaya-run"
          ]
        }
      ]
    },
    {
      "mode": "managed",
      "type": "random_string",
      "name": "myrandom",
      "provider": "provider[\"registry.terraform.io/hashicorp/random\"]",
      "instances": [
        {
          "schema_version": 2,
          "attributes": {
            "id": "gviwmg",
            "keepers": null,
            "length": 6,
            "lower": true,
            "min_lower": 0,
            "min_numeric": 0,
            "min_special": 0,
            "min_upper": 0,
            "number": false,
            "numeric": false,
            "override_special": null,
            "result": "gviwmg",
            "special": false,
            "upper": false
          },
          "sensitive_attributes": []
        }
      ]
    }
  ],
  "check_results": null
}
