{
  "version": 4,
  "terraform_version": "1.7.4",
  "serial": 26,
  "lineage": "dfa81caa-04c0-5206-5d80-f3c17905204e",
  "outputs": {},
  "resources": [
    {
      "mode": "managed",
      "type": "azurerm_linux_virtual_machine",
      "name": "av-uks-data-dev-gw",
      "provider": "provider[\"registry.terraform.io/hashicorp/azurerm\"]",
      "instances": [
        {
          "index_key": "vm1",
          "schema_version": 0,
          "attributes": {
            "additional_capabilities": [],
            "admin_password": null,
            "admin_ssh_key": [
              {
                "public_key": "ssh-rsa AAAAB3NzaC1yc2EAAAADAQABAAABgQDCJspdsheqliVsdDiRfCDdSxKN4UuYXYWFWkaoEFiKX05YRcFumxv9jwgjGn1bmBxQr7a7D5Fcn7FZg6dYjV71I8W7SXeQuo4B8hfQI47ZS4sKcoeelvE5YUPkj4uzP7j8180bUIwHygc7vxDJOCE7lyYOizdBtq/g0qcF26EuYPytg9AazAYagDa0O2m6nOvD31n6XpKeJQspT1fSOgrEdksFZfzGi6w4SczFITLdy1eKGGP0qla+G3B7ueVQhsGNupg/+KWe6qXmjf5BSnDQd31Buds1OySUezGoDPJkLx92jbkILiiC9MVJqmu+66x9sYytFJm0FQEENmQwBeEyr8kIYt96aPaWYxwOPs53x36725FCrj7hPx6yTKB0aQAhYqw5oqa7OUyYarigNWXrqaQh8YxWXi1oF3qK7uyA8G9QK+2q/Fh1aCuwm4EBb+rPSyaaeKqXzc4AD85mTC0FSOkLeAGOhTTmzlTycA//JdKzsTeDvLkvF1Ie0gTQhVc= ironman@GauravPC\n",
                "username": "azureuser"
              }
            ],
            "admin_username": "azureuser",
            "allow_extension_operations": true,
            "availability_set_id": "",
            "boot_diagnostics": [],
            "bypass_platform_safety_checks_on_user_schedule_enabled": false,
            "capacity_reservation_group_id": "",
            "computer_name": "av-uks-data-dev-gw-vm1",
            "custom_data": null,
            "dedicated_host_group_id": "",
            "dedicated_host_id": "",
            "disable_password_authentication": true,
            "disk_controller_type": "SCSI",
            "edge_zone": "",
            "encryption_at_host_enabled": false,
            "eviction_policy": "",
            "extensions_time_budget": "PT1H30M",
            "gallery_application": [],
            "id": "/subscriptions/c829fd29-f512-4ef3-b4c7-63b9edf34748/resourceGroups/uks-data-dev/providers/Microsoft.Compute/virtualMachines/av-uks-data-dev-gw-vm1",
            "identity": [],
            "license_type": "",
            "location": "eastus",
            "max_bid_price": -1,
            "name": "av-uks-data-dev-gw-vm1",
            "network_interface_ids": [
              "/subscriptions/c829fd29-f512-4ef3-b4c7-63b9edf34748/resourceGroups/uks-data-dev/providers/Microsoft.Network/networkInterfaces/vmnic-vm1"
            ],
            "os_disk": [
              {
                "caching": "ReadWrite",
                "diff_disk_settings": [],
                "disk_encryption_set_id": "",
                "disk_size_gb": 64,
                "name": "osdisk-vm1",
                "secure_vm_disk_encryption_set_id": "",
                "security_encryption_type": "",
                "storage_account_type": "Standard_LRS",
                "write_accelerator_enabled": false
              }
            ],
            "os_image_notification": [],
            "patch_assessment_mode": "ImageDefault",
            "patch_mode": "ImageDefault",
            "plan": [],
            "platform_fault_domain": -1,
            "priority": "Regular",
            "private_ip_address": "10.0.2.5",
            "private_ip_addresses": [
              "10.0.2.5"
            ],
            "provision_vm_agent": true,
            "proximity_placement_group_id": "",
            "public_ip_address": "13.90.173.86",
            "public_ip_addresses": [
              "13.90.173.86"
            ],
            "reboot_setting": "",
            "resource_group_name": "uks-data-dev",
            "secret": [],
            "secure_boot_enabled": false,
            "size": "Standard_DS1_v2",
            "source_image_id": "",
            "source_image_reference": [
              {
                "offer": "RHEL",
                "publisher": "RedHat",
                "sku": "83-gen2",
                "version": "latest"
              }
            ],
            "tags": {},
            "termination_notification": [],
            "timeouts": null,
            "user_data": "",
            "virtual_machine_id": "510ac357-9156-46c3-8ad3-b497e07128e1",
            "virtual_machine_scale_set_id": "",
            "vm_agent_platform_updates_enabled": false,
            "vtpm_enabled": false,
            "zone": ""
          },
          "sensitive_attributes": [],
          "private": "eyJlMmJmYjczMC1lY2FhLTExZTYtOGY4OC0zNDM2M2JjN2M0YzAiOnsiY3JlYXRlIjoyNzAwMDAwMDAwMDAwLCJkZWxldGUiOjI3MDAwMDAwMDAwMDAsInJlYWQiOjMwMDAwMDAwMDAwMCwidXBkYXRlIjoyNzAwMDAwMDAwMDAwfX0=",
          "dependencies": [
            "azurerm_network_interface.myvmnic",
            "azurerm_public_ip.mypublicip",
            "azurerm_resource_group.rg-uks-data-dev",
            "azurerm_subnet.subnet-connection",
            "azurerm_virtual_network.vnet-uksdata-dev"
          ]
        },
        {
          "index_key": "vm2",
          "schema_version": 0,
          "attributes": {
            "additional_capabilities": [],
            "admin_password": null,
            "admin_ssh_key": [
              {
                "public_key": "ssh-rsa AAAAB3NzaC1yc2EAAAADAQABAAABgQDCJspdsheqliVsdDiRfCDdSxKN4UuYXYWFWkaoEFiKX05YRcFumxv9jwgjGn1bmBxQr7a7D5Fcn7FZg6dYjV71I8W7SXeQuo4B8hfQI47ZS4sKcoeelvE5YUPkj4uzP7j8180bUIwHygc7vxDJOCE7lyYOizdBtq/g0qcF26EuYPytg9AazAYagDa0O2m6nOvD31n6XpKeJQspT1fSOgrEdksFZfzGi6w4SczFITLdy1eKGGP0qla+G3B7ueVQhsGNupg/+KWe6qXmjf5BSnDQd31Buds1OySUezGoDPJkLx92jbkILiiC9MVJqmu+66x9sYytFJm0FQEENmQwBeEyr8kIYt96aPaWYxwOPs53x36725FCrj7hPx6yTKB0aQAhYqw5oqa7OUyYarigNWXrqaQh8YxWXi1oF3qK7uyA8G9QK+2q/Fh1aCuwm4EBb+rPSyaaeKqXzc4AD85mTC0FSOkLeAGOhTTmzlTycA//JdKzsTeDvLkvF1Ie0gTQhVc= ironman@GauravPC\n",
                "username": "azureuser"
              }
            ],
            "admin_username": "azureuser",
            "allow_extension_operations": true,
            "availability_set_id": "",
            "boot_diagnostics": [],
            "bypass_platform_safety_checks_on_user_schedule_enabled": false,
            "capacity_reservation_group_id": "",
            "computer_name": "av-uks-data-dev-gw-vm2",
            "custom_data": null,
            "dedicated_host_group_id": "",
            "dedicated_host_id": "",
            "disable_password_authentication": true,
            "disk_controller_type": "SCSI",
            "edge_zone": "",
            "encryption_at_host_enabled": false,
            "eviction_policy": "",
            "extensions_time_budget": "PT1H30M",
            "gallery_application": [],
            "id": "/subscriptions/c829fd29-f512-4ef3-b4c7-63b9edf34748/resourceGroups/uks-data-dev/providers/Microsoft.Compute/virtualMachines/av-uks-data-dev-gw-vm2",
            "identity": [],
            "license_type": "",
            "location": "eastus",
            "max_bid_price": -1,
            "name": "av-uks-data-dev-gw-vm2",
            "network_interface_ids": [
              "/subscriptions/c829fd29-f512-4ef3-b4c7-63b9edf34748/resourceGroups/uks-data-dev/providers/Microsoft.Network/networkInterfaces/vmnic-vm2"
            ],
            "os_disk": [
              {
                "caching": "ReadWrite",
                "diff_disk_settings": [],
                "disk_encryption_set_id": "",
                "disk_size_gb": 64,
                "name": "osdisk-vm2",
                "secure_vm_disk_encryption_set_id": "",
                "security_encryption_type": "",
                "storage_account_type": "Standard_LRS",
                "write_accelerator_enabled": false
              }
            ],
            "os_image_notification": [],
            "patch_assessment_mode": "ImageDefault",
            "patch_mode": "ImageDefault",
            "plan": [],
            "platform_fault_domain": -1,
            "priority": "Regular",
            "private_ip_address": "10.0.2.4",
            "private_ip_addresses": [
              "10.0.2.4"
            ],
            "provision_vm_agent": true,
            "proximity_placement_group_id": "",
            "public_ip_address": "13.90.172.178",
            "public_ip_addresses": [
              "13.90.172.178"
            ],
            "reboot_setting": "",
            "resource_group_name": "uks-data-dev",
            "secret": [],
            "secure_boot_enabled": false,
            "size": "Standard_DS1_v2",
            "source_image_id": "",
            "source_image_reference": [
              {
                "offer": "RHEL",
                "publisher": "RedHat",
                "sku": "83-gen2",
                "version": "latest"
              }
            ],
            "tags": {},
            "termination_notification": [],
            "timeouts": null,
            "user_data": "",
            "virtual_machine_id": "784037cf-8248-4124-9ae7-865ab35a7a7a",
            "virtual_machine_scale_set_id": "",
            "vm_agent_platform_updates_enabled": false,
            "vtpm_enabled": false,
            "zone": ""
          },
          "sensitive_attributes": [],
          "private": "eyJlMmJmYjczMC1lY2FhLTExZTYtOGY4OC0zNDM2M2JjN2M0YzAiOnsiY3JlYXRlIjoyNzAwMDAwMDAwMDAwLCJkZWxldGUiOjI3MDAwMDAwMDAwMDAsInJlYWQiOjMwMDAwMDAwMDAwMCwidXBkYXRlIjoyNzAwMDAwMDAwMDAwfX0=",
          "dependencies": [
            "azurerm_network_interface.myvmnic",
            "azurerm_public_ip.mypublicip",
            "azurerm_resource_group.rg-uks-data-dev",
            "azurerm_subnet.subnet-connection",
            "azurerm_virtual_network.vnet-uksdata-dev"
          ]
        }
      ]
    },
    {
      "mode": "managed",
      "type": "azurerm_network_interface",
      "name": "myvmnic",
      "provider": "provider[\"registry.terraform.io/hashicorp/azurerm\"]",
      "instances": [
        {
          "index_key": "vm1",
          "schema_version": 0,
          "attributes": {
            "applied_dns_servers": [],
            "auxiliary_mode": "",
            "auxiliary_sku": "",
            "dns_servers": [],
            "edge_zone": "",
            "enable_accelerated_networking": false,
            "enable_ip_forwarding": false,
            "id": "/subscriptions/c829fd29-f512-4ef3-b4c7-63b9edf34748/resourceGroups/uks-data-dev/providers/Microsoft.Network/networkInterfaces/vmnic-vm1",
            "internal_dns_name_label": "",
            "internal_domain_name_suffix": "cluipjntjvwurf0efwow5omz1a.bx.internal.cloudapp.net",
            "ip_configuration": [
              {
                "gateway_load_balancer_frontend_ip_configuration_id": "",
                "name": "internal",
                "primary": true,
                "private_ip_address": "10.0.2.5",
                "private_ip_address_allocation": "Dynamic",
                "private_ip_address_version": "IPv4",
                "public_ip_address_id": "/subscriptions/c829fd29-f512-4ef3-b4c7-63b9edf34748/resourceGroups/uks-data-dev/providers/Microsoft.Network/publicIPAddresses/mypublicip-vm1",
                "subnet_id": "/subscriptions/c829fd29-f512-4ef3-b4c7-63b9edf34748/resourceGroups/uks-data-dev/providers/Microsoft.Network/virtualNetworks/vnet-uks-data-dev/subnets/subnet-connection"
              }
            ],
            "location": "eastus",
            "mac_address": "60-45-BD-D9-F6-17",
            "name": "vmnic-vm1",
            "private_ip_address": "10.0.2.5",
            "private_ip_addresses": [
              "10.0.2.5"
            ],
            "resource_group_name": "uks-data-dev",
            "tags": {},
            "timeouts": null,
            "virtual_machine_id": "/subscriptions/c829fd29-f512-4ef3-b4c7-63b9edf34748/resourceGroups/uks-data-dev/providers/Microsoft.Compute/virtualMachines/av-uks-data-dev-gw-vm1"
          },
          "sensitive_attributes": [],
          "private": "eyJlMmJmYjczMC1lY2FhLTExZTYtOGY4OC0zNDM2M2JjN2M0YzAiOnsiY3JlYXRlIjoxODAwMDAwMDAwMDAwLCJkZWxldGUiOjE4MDAwMDAwMDAwMDAsInJlYWQiOjMwMDAwMDAwMDAwMCwidXBkYXRlIjoxODAwMDAwMDAwMDAwfX0=",
          "dependencies": [
            "azurerm_public_ip.mypublicip",
            "azurerm_resource_group.rg-uks-data-dev",
            "azurerm_subnet.subnet-connection",
            "azurerm_virtual_network.vnet-uksdata-dev"
          ]
        },
        {
          "index_key": "vm2",
          "schema_version": 0,
          "attributes": {
            "applied_dns_servers": [],
            "auxiliary_mode": "",
            "auxiliary_sku": "",
            "dns_servers": [],
            "edge_zone": "",
            "enable_accelerated_networking": false,
            "enable_ip_forwarding": false,
            "id": "/subscriptions/c829fd29-f512-4ef3-b4c7-63b9edf34748/resourceGroups/uks-data-dev/providers/Microsoft.Network/networkInterfaces/vmnic-vm2",
            "internal_dns_name_label": "",
            "internal_domain_name_suffix": "cluipjntjvwurf0efwow5omz1a.bx.internal.cloudapp.net",
            "ip_configuration": [
              {
                "gateway_load_balancer_frontend_ip_configuration_id": "",
                "name": "internal",
                "primary": true,
                "private_ip_address": "10.0.2.4",
                "private_ip_address_allocation": "Dynamic",
                "private_ip_address_version": "IPv4",
                "public_ip_address_id": "/subscriptions/c829fd29-f512-4ef3-b4c7-63b9edf34748/resourceGroups/uks-data-dev/providers/Microsoft.Network/publicIPAddresses/mypublicip-vm2",
                "subnet_id": "/subscriptions/c829fd29-f512-4ef3-b4c7-63b9edf34748/resourceGroups/uks-data-dev/providers/Microsoft.Network/virtualNetworks/vnet-uks-data-dev/subnets/subnet-connection"
              }
            ],
            "location": "eastus",
            "mac_address": "60-45-BD-F0-80-E9",
            "name": "vmnic-vm2",
            "private_ip_address": "10.0.2.4",
            "private_ip_addresses": [
              "10.0.2.4"
            ],
            "resource_group_name": "uks-data-dev",
            "tags": {},
            "timeouts": null,
            "virtual_machine_id": "/subscriptions/c829fd29-f512-4ef3-b4c7-63b9edf34748/resourceGroups/uks-data-dev/providers/Microsoft.Compute/virtualMachines/av-uks-data-dev-gw-vm2"
          },
          "sensitive_attributes": [],
          "private": "eyJlMmJmYjczMC1lY2FhLTExZTYtOGY4OC0zNDM2M2JjN2M0YzAiOnsiY3JlYXRlIjoxODAwMDAwMDAwMDAwLCJkZWxldGUiOjE4MDAwMDAwMDAwMDAsInJlYWQiOjMwMDAwMDAwMDAwMCwidXBkYXRlIjoxODAwMDAwMDAwMDAwfX0=",
          "dependencies": [
            "azurerm_public_ip.mypublicip",
            "azurerm_resource_group.rg-uks-data-dev",
            "azurerm_subnet.subnet-connection",
            "azurerm_virtual_network.vnet-uksdata-dev"
          ]
        }
      ]
    },
    {
      "mode": "managed",
      "type": "azurerm_public_ip",
      "name": "mypublicip",
      "provider": "provider[\"registry.terraform.io/hashicorp/azurerm\"]",
      "instances": [
        {
          "index_key": "vm1",
          "schema_version": 0,
          "attributes": {
            "allocation_method": "Static",
            "ddos_protection_mode": "VirtualNetworkInherited",
            "ddos_protection_plan_id": null,
            "domain_name_label": null,
            "edge_zone": "",
            "fqdn": null,
            "id": "/subscriptions/c829fd29-f512-4ef3-b4c7-63b9edf34748/resourceGroups/uks-data-dev/providers/Microsoft.Network/publicIPAddresses/mypublicip-vm1",
            "idle_timeout_in_minutes": 4,
            "ip_address": "13.90.173.86",
            "ip_tags": {},
            "ip_version": "IPv4",
            "location": "eastus",
            "name": "mypublicip-vm1",
            "public_ip_prefix_id": null,
            "resource_group_name": "uks-data-dev",
            "reverse_fqdn": null,
            "sku": "Basic",
            "sku_tier": "Regional",
            "tags": {},
            "timeouts": null,
            "zones": []
          },
          "sensitive_attributes": [],
          "private": "eyJlMmJmYjczMC1lY2FhLTExZTYtOGY4OC0zNDM2M2JjN2M0YzAiOnsiY3JlYXRlIjoxODAwMDAwMDAwMDAwLCJkZWxldGUiOjE4MDAwMDAwMDAwMDAsInJlYWQiOjMwMDAwMDAwMDAwMCwidXBkYXRlIjoxODAwMDAwMDAwMDAwfX0=",
          "dependencies": [
            "azurerm_resource_group.rg-uks-data-dev"
          ]
        },
        {
          "index_key": "vm2",
          "schema_version": 0,
          "attributes": {
            "allocation_method": "Static",
            "ddos_protection_mode": "VirtualNetworkInherited",
            "ddos_protection_plan_id": null,
            "domain_name_label": null,
            "edge_zone": "",
            "fqdn": null,
            "id": "/subscriptions/c829fd29-f512-4ef3-b4c7-63b9edf34748/resourceGroups/uks-data-dev/providers/Microsoft.Network/publicIPAddresses/mypublicip-vm2",
            "idle_timeout_in_minutes": 4,
            "ip_address": "13.90.172.178",
            "ip_tags": {},
            "ip_version": "IPv4",
            "location": "eastus",
            "name": "mypublicip-vm2",
            "public_ip_prefix_id": null,
            "resource_group_name": "uks-data-dev",
            "reverse_fqdn": null,
            "sku": "Basic",
            "sku_tier": "Regional",
            "tags": {},
            "timeouts": null,
            "zones": []
          },
          "sensitive_attributes": [],
          "private": "eyJlMmJmYjczMC1lY2FhLTExZTYtOGY4OC0zNDM2M2JjN2M0YzAiOnsiY3JlYXRlIjoxODAwMDAwMDAwMDAwLCJkZWxldGUiOjE4MDAwMDAwMDAwMDAsInJlYWQiOjMwMDAwMDAwMDAwMCwidXBkYXRlIjoxODAwMDAwMDAwMDAwfX0=",
          "dependencies": [
            "azurerm_resource_group.rg-uks-data-dev"
          ]
        }
      ]
    },
    {
      "mode": "managed",
      "type": "azurerm_resource_group",
      "name": "rg-uks-data-dev",
      "provider": "provider[\"registry.terraform.io/hashicorp/azurerm\"]",
      "instances": [
        {
          "schema_version": 0,
          "attributes": {
            "id": "/subscriptions/c829fd29-f512-4ef3-b4c7-63b9edf34748/resourceGroups/uks-data-dev",
            "location": "eastus",
            "managed_by": "",
            "name": "uks-data-dev",
            "tags": {},
            "timeouts": null
          },
          "sensitive_attributes": [],
          "private": "eyJlMmJmYjczMC1lY2FhLTExZTYtOGY4OC0zNDM2M2JjN2M0YzAiOnsiY3JlYXRlIjo1NDAwMDAwMDAwMDAwLCJkZWxldGUiOjU0MDAwMDAwMDAwMDAsInJlYWQiOjMwMDAwMDAwMDAwMCwidXBkYXRlIjo1NDAwMDAwMDAwMDAwfX0="
        }
      ]
    },
    {
      "mode": "managed",
      "type": "azurerm_subnet",
      "name": "subnet-connection",
      "provider": "provider[\"registry.terraform.io/hashicorp/azurerm\"]",
      "instances": [
        {
          "schema_version": 0,
          "attributes": {
            "address_prefixes": [
              "10.0.2.0/24"
            ],
            "delegation": [],
            "enforce_private_link_endpoint_network_policies": false,
            "enforce_private_link_service_network_policies": false,
            "id": "/subscriptions/c829fd29-f512-4ef3-b4c7-63b9edf34748/resourceGroups/uks-data-dev/providers/Microsoft.Network/virtualNetworks/vnet-uks-data-dev/subnets/subnet-connection",
            "name": "subnet-connection",
            "private_endpoint_network_policies_enabled": true,
            "private_link_service_network_policies_enabled": true,
            "resource_group_name": "uks-data-dev",
            "service_endpoint_policy_ids": [],
            "service_endpoints": [],
            "timeouts": null,
            "virtual_network_name": "vnet-uks-data-dev"
          },
          "sensitive_attributes": [],
          "private": "eyJlMmJmYjczMC1lY2FhLTExZTYtOGY4OC0zNDM2M2JjN2M0YzAiOnsiY3JlYXRlIjoxODAwMDAwMDAwMDAwLCJkZWxldGUiOjE4MDAwMDAwMDAwMDAsInJlYWQiOjMwMDAwMDAwMDAwMCwidXBkYXRlIjoxODAwMDAwMDAwMDAwfX0=",
          "dependencies": [
            "azurerm_resource_group.rg-uks-data-dev",
            "azurerm_virtual_network.vnet-uksdata-dev"
          ]
        }
      ]
    },
    {
      "mode": "managed",
      "type": "azurerm_virtual_network",
      "name": "vnet-uksdata-dev",
      "provider": "provider[\"registry.terraform.io/hashicorp/azurerm\"]",
      "instances": [
        {
          "schema_version": 0,
          "attributes": {
            "address_space": [
              "10.0.0.0/16"
            ],
            "bgp_community": "",
            "ddos_protection_plan": [],
            "dns_servers": [],
            "edge_zone": "",
            "encryption": [],
            "flow_timeout_in_minutes": 0,
            "guid": "a587e812-4db3-486d-9744-2d9d6fb999d8",
            "id": "/subscriptions/c829fd29-f512-4ef3-b4c7-63b9edf34748/resourceGroups/uks-data-dev/providers/Microsoft.Network/virtualNetworks/vnet-uks-data-dev",
            "location": "eastus",
            "name": "vnet-uks-data-dev",
            "resource_group_name": "uks-data-dev",
            "subnet": [
              {
                "address_prefix": "10.0.2.0/24",
                "id": "/subscriptions/c829fd29-f512-4ef3-b4c7-63b9edf34748/resourceGroups/uks-data-dev/providers/Microsoft.Network/virtualNetworks/vnet-uks-data-dev/subnets/subnet-connection",
                "name": "subnet-connection",
                "security_group": ""
              }
            ],
            "tags": {},
            "timeouts": null
          },
          "sensitive_attributes": [],
          "private": "eyJlMmJmYjczMC1lY2FhLTExZTYtOGY4OC0zNDM2M2JjN2M0YzAiOnsiY3JlYXRlIjoxODAwMDAwMDAwMDAwLCJkZWxldGUiOjE4MDAwMDAwMDAwMDAsInJlYWQiOjMwMDAwMDAwMDAwMCwidXBkYXRlIjoxODAwMDAwMDAwMDAwfX0=",
          "dependencies": [
            "azurerm_resource_group.rg-uks-data-dev"
          ]
        }
      ]
    },
    {
      "mode": "managed",
      "type": "random_string",
      "name": "myrandom",
      "provider": "provider[\"registry.terraform.io/hashicorp/random\"]",
      "instances": [
        {
          "schema_version": 2,
          "attributes": {
            "id": "zfkwpi",
            "keepers": null,
            "length": 6,
            "lower": true,
            "min_lower": 0,
            "min_numeric": 0,
            "min_special": 0,
            "min_upper": 0,
            "number": false,
            "numeric": false,
            "override_special": null,
            "result": "zfkwpi",
            "special": false,
            "upper": false
          },
          "sensitive_attributes": []
        }
      ]
    }
  ],
  "check_results": null
}
